<?xml version="1.0" encoding="utf-8"?>
<Project ToolsVersion="4.0" xmlns="http://schemas.microsoft.com/developer/msbuild/2003">
  <ItemGroup>
    <Filter Include="Source Files">
      <UniqueIdentifier>{4FC737F1-C7A5-4376-A066-2A32D752A2FF}</UniqueIdentifier>
      <Extensions>cpp;c;cc;cxx;c++;cppm;ixx;def;odl;idl;hpj;bat;asm;asmx</Extensions>
    </Filter>
    <Filter Include="Header Files">
      <UniqueIdentifier>{93995380-89BD-4b04-88EB-625FBE52EBFB}</UniqueIdentifier>
      <Extensions>h;hh;hpp;hxx;h++;hm;inl;inc;ipp;xsd</Extensions>
    </Filter>
    <Filter Include="Resource Files">
      <UniqueIdentifier>{67DA6AB6-F800-4c08-8B7A-83BB121AAD01}</UniqueIdentifier>
      <Extensions>rc;ico;cur;bmp;dlg;rc2;rct;bin;rgs;gif;jpg;jpeg;jpe;resx;tiff;tif;png;wav;mfcribbon-ms</Extensions>
    </Filter>
  </ItemGroup>
  <ItemGroup>
    <ClCompile Include="Source.cpp">
      <Filter>Source Files</Filter>
    </ClCompile>
    <ClCompile Include="AGameObject.cpp">
      <Filter>Source Files</Filter>
    </ClCompile>
    <ClCompile Include="AirplanePlayer.cpp">
      <Filter>Source Files</Filter>
    </ClCompile>
    <ClCompile Include="AirplaneSupport.cpp">
      <Filter>Source Files</Filter>
    </ClCompile>
    <ClCompile Include="BGObject.cpp">
      <Filter>Source Files</Filter>
    </ClCompile>
    <ClCompile Include="Entity.cpp">
      <Filter>Source Files</Filter>
    </ClCompile>
    <ClCompile Include="Game.cpp">
      <Filter>Source Files</Filter>
    </ClCompile>
    <ClCompile Include="GameObjectManager.cpp">
      <Filter>Source Files</Filter>
    </ClCompile>
    <ClCompile Include="TextureManager.cpp">
      <Filter>Source Files</Filter>
    </ClCompile>
    <ClCompile Include="AirplaneSupportMovement.cpp">
      <Filter>Source Files</Filter>
    </ClCompile>
    <ClCompile Include="AComponent.cpp">
      <Filter>Source Files</Filter>
    </ClCompile>
    <ClCompile Include="BGMovement.cpp">
      <Filter>Source Files</Filter>
    </ClCompile>
    <ClCompile Include="GenericInputController.cpp">
      <Filter>Source Files</Filter>
    </ClCompile>
    <ClCompile Include="PlayerInputController.cpp">
      <Filter>Source Files</Filter>
    </ClCompile>
    <ClCompile Include="PlayerMovement.cpp">
      <Filter>Source Files</Filter>
    </ClCompile>
    <ClCompile Include="Renderer.cpp">
      <Filter>Source Files</Filter>
    </ClCompile>
    <ClCompile Include="ButtonListener.cpp">
      <Filter>Source Files</Filter>
    </ClCompile>
    <ClCompile Include="FontManager.cpp">
      <Filter>Source Files</Filter>
    </ClCompile>
    <ClCompile Include="MainMenuScreen.cpp">
      <Filter>Source Files</Filter>
    </ClCompile>
    <ClCompile Include="UIButton.cpp">
      <Filter>Source Files</Filter>
    </ClCompile>
    <ClCompile Include="UIButtonInputController.cpp">
      <Filter>Source Files</Filter>
    </ClCompile>
    <ClCompile Include="UIText.cpp">
      <Filter>Source Files</Filter>
    </ClCompile>
    <ClCompile Include="ApplicationManager.cpp">
      <Filter>Source Files</Filter>
    </ClCompile>
    <ClCompile Include="APoolable.cpp">
      <Filter>Source Files</Filter>
    </ClCompile>
    <ClCompile Include="EmptyGameObject.cpp">
      <Filter>Source Files</Filter>
    </ClCompile>
    <ClCompile Include="EnemyAirplane.cpp">
      <Filter>Source Files</Filter>
    </ClCompile>
    <ClCompile Include="EnemyBehavior.cpp">
      <Filter>Source Files</Filter>
    </ClCompile>
    <ClCompile Include="EnemySwarmHandler.cpp">
      <Filter>Source Files</Filter>
    </ClCompile>
    <ClCompile Include="GameObjectPool.cpp">
      <Filter>Source Files</Filter>
    </ClCompile>
    <ClCompile Include="HUDScreen.cpp">
      <Filter>Source Files</Filter>
    </ClCompile>
    <ClCompile Include="ObjectPoolHolder.cpp">
      <Filter>Source Files</Filter>
    </ClCompile>
    <ClCompile Include="QuitScreen.cpp">
      <Filter>Source Files</Filter>
    </ClCompile>
    <ClCompile Include="SamplePopupScreen.cpp">
      <Filter>Source Files</Filter>
    </ClCompile>
    <ClCompile Include="RendererFactory.cpp">
      <Filter>Source Files</Filter>
    </ClCompile>
    <ClCompile Include="SpriteRenderer.cpp">
      <Filter>Source Files</Filter>
    </ClCompile>
    <ClCompile Include="ARendererFactory.cpp">
      <Filter>Source Files</Filter>
    </ClCompile>
    <ClCompile Include="DebugRendererFactory.cpp">
      <Filter>Source Files</Filter>
    </ClCompile>
    <ClCompile Include="TextRenderer.cpp">
      <Filter>Source Files</Filter>
    </ClCompile>
    <ClCompile Include="AScene.cpp">
      <Filter>Source Files</Filter>
    </ClCompile>
    <ClCompile Include="GameScene.cpp">
      <Filter>Source Files</Filter>
    </ClCompile>
    <ClCompile Include="MainMenuScene.cpp">
      <Filter>Source Files</Filter>
    </ClCompile>
    <ClCompile Include="SceneManager.cpp">
      <Filter>Source Files</Filter>
    </ClCompile>
    <ClCompile Include="Collider.cpp">
      <Filter>Source Files</Filter>
    </ClCompile>
    <ClCompile Include="PhysicsManager.cpp">
      <Filter>Source Files</Filter>
    </ClCompile>
    <ClCompile Include="CollisionListener.cpp">
      <Filter>Source Files</Filter>
    </ClCompile>
    <ClCompile Include="ProjectileObject.cpp">
      <Filter>Source Files</Filter>
    </ClCompile>
    <ClCompile Include="ProjectileMovement.cpp">
      <Filter>Source Files</Filter>
    </ClCompile>
    <ClCompile Include="ProjectileSwarmHandler.cpp">
      <Filter>Source Files</Filter>
    </ClCompile>
  </ItemGroup>
  <ItemGroup>
    <ClInclude Include="AGameObject.h">
      <Filter>Header Files</Filter>
    </ClInclude>
    <ClInclude Include="AirplanePlayer.h">
      <Filter>Header Files</Filter>
    </ClInclude>
    <ClInclude Include="AirplaneSupport.h">
      <Filter>Header Files</Filter>
    </ClInclude>
    <ClInclude Include="BGObject.h">
      <Filter>Header Files</Filter>
    </ClInclude>
    <ClInclude Include="Entity.h">
      <Filter>Header Files</Filter>
    </ClInclude>
    <ClInclude Include="Game.h">
      <Filter>Header Files</Filter>
    </ClInclude>
    <ClInclude Include="GameObjectManager.h">
      <Filter>Header Files</Filter>
    </ClInclude>
    <ClInclude Include="TextureManager.h">
      <Filter>Header Files</Filter>
    </ClInclude>
    <ClInclude Include="AirplaneSupportMovement.h">
      <Filter>Header Files</Filter>
    </ClInclude>
    <ClInclude Include="AComponent.h">
      <Filter>Header Files</Filter>
    </ClInclude>
    <ClInclude Include="BGMovement.h">
      <Filter>Header Files</Filter>
    </ClInclude>
    <ClInclude Include="GenericInputController.h">
      <Filter>Header Files</Filter>
    </ClInclude>
    <ClInclude Include="PlayerInputController.h">
      <Filter>Header Files</Filter>
    </ClInclude>
    <ClInclude Include="PlayerMovement.h">
      <Filter>Header Files</Filter>
    </ClInclude>
    <ClInclude Include="Renderer.h">
      <Filter>Header Files</Filter>
    </ClInclude>
    <ClInclude Include="ButtonListener.h">
      <Filter>Header Files</Filter>
    </ClInclude>
    <ClInclude Include="FontManager.h">
      <Filter>Header Files</Filter>
    </ClInclude>
    <ClInclude Include="MainMenuScreen.h">
      <Filter>Header Files</Filter>
    </ClInclude>
    <ClInclude Include="UIButton.h">
      <Filter>Header Files</Filter>
    </ClInclude>
    <ClInclude Include="UIButtonInputController.h">
      <Filter>Header Files</Filter>
    </ClInclude>
    <ClInclude Include="UIText.h">
      <Filter>Header Files</Filter>
    </ClInclude>
    <ClInclude Include="ApplicationManager.h">
      <Filter>Header Files</Filter>
    </ClInclude>
    <ClInclude Include="APoolable.h">
      <Filter>Header Files</Filter>
    </ClInclude>
    <ClInclude Include="EmptyGameObject.h">
      <Filter>Header Files</Filter>
    </ClInclude>
    <ClInclude Include="EnemyAirplane.h">
      <Filter>Header Files</Filter>
    </ClInclude>
    <ClInclude Include="EnemyBehavior.h">
      <Filter>Header Files</Filter>
    </ClInclude>
    <ClInclude Include="EnemySwarmHandler.h">
      <Filter>Header Files</Filter>
    </ClInclude>
    <ClInclude Include="GameObjectPool.h">
      <Filter>Header Files</Filter>
    </ClInclude>
    <ClInclude Include="HUDScreen.h">
      <Filter>Header Files</Filter>
    </ClInclude>
    <ClInclude Include="ObjectPoolHolder.h">
      <Filter>Header Files</Filter>
    </ClInclude>
    <ClInclude Include="QuitScreen.h">
      <Filter>Header Files</Filter>
    </ClInclude>
    <ClInclude Include="SamplePopupScreen.h">
      <Filter>Header Files</Filter>
    </ClInclude>
    <ClInclude Include="RendererFactory.h">
      <Filter>Header Files</Filter>
    </ClInclude>
    <ClInclude Include="SpriteRenderer.h">
      <Filter>Header Files</Filter>
    </ClInclude>
    <ClInclude Include="ARendererFactory.h">
      <Filter>Header Files</Filter>
    </ClInclude>
    <ClInclude Include="DebugRendererFactory.h">
      <Filter>Header Files</Filter>
    </ClInclude>
    <ClInclude Include="TextRenderer.h">
      <Filter>Header Files</Filter>
    </ClInclude>
    <ClInclude Include="AScene.h">
      <Filter>Header Files</Filter>
    </ClInclude>
    <ClInclude Include="GameScene.h">
      <Filter>Header Files</Filter>
    </ClInclude>
    <ClInclude Include="MainMenuScene.h">
      <Filter>Header Files</Filter>
    </ClInclude>
    <ClInclude Include="SceneManager.h">
      <Filter>Header Files</Filter>
    </ClInclude>
    <ClInclude Include="Collider.h">
      <Filter>Header Files</Filter>
    </ClInclude>
    <ClInclude Include="PhysicsManager.h">
      <Filter>Header Files</Filter>
    </ClInclude>
    <ClInclude Include="CollisionListener.h">
      <Filter>Header Files</Filter>
    </ClInclude>
    <ClInclude Include="ProjectileObject.h">
      <Filter>Header Files</Filter>
    </ClInclude>
    <ClInclude Include="ProjectileMovement.h">
      <Filter>Header Files</Filter>
    </ClInclude>
    <ClInclude Include="ProjectileSwarmHandler.h">
      <Filter>Header Files</Filter>
    </ClInclude>
  </ItemGroup>
</Project>